dependencies:
  idf:
    source:
      type: idf
    version: 5.5.0
  mdns:
    dependencies: []
    source:
      path: /Users/kevin.jayne/git/vekjja/ESPWiFi/components/esp-protocols/components/mdns
      type: local
    version: 1.9.1
direct_dependencies:
- espressif/mdns
- idf
manifest_hash: b49951740f8e8664764248116494250a7addf1396367097b90a42d0e6eb47435
target: esp32c3
version: 2.0.0
